
Microsoft Visual Studio Solution File, Format Version 12.00
# Visual Studio Version 16
Project("{2150E333-8FDC-42A3-9474-1A3956D46DE8}") = "CMakePredefinedTargets", "CMakePredefinedTargets", "{994497E7-1BC2-38FA-AA66-65403DBF7901}"
EndProject
Project("{2150E333-8FDC-42A3-9474-1A3956D46DE8}") = "GLFW3", "GLFW3", "{49AED3CE-5588-3CD4-8098-73E00E58B586}"
EndProject
Project("{8BC9CEB8-8B4A-11D0-8D11-00A0C91BC942}") = "ALL_BUILD", "ALL_BUILD.vcxproj", "{B977BE25-8A43-3CE1-9E31-D887B9138733}"
	ProjectSection(ProjectDependencies) = postProject
		{19BA11C4-A526-3CB5-BAF9-F3060A17FDB2} = {19BA11C4-A526-3CB5-BAF9-F3060A17FDB2}
		{DE06E51D-24A3-36A4-AB97-67304CD7C818} = {DE06E51D-24A3-36A4-AB97-67304CD7C818}
		{1EEB9DAE-5638-3E82-A000-DEA21683FC94} = {1EEB9DAE-5638-3E82-A000-DEA21683FC94}
		{1C4B9FDE-DFE2-3C11-9128-739169916380} = {1C4B9FDE-DFE2-3C11-9128-739169916380}
	EndProjectSection
EndProject
Project("{8BC9CEB8-8B4A-11D0-8D11-00A0C91BC942}") = "INSTALL", "INSTALL.vcxproj", "{480E4D56-CF8E-3415-B5BD-9063078A2B7E}"
	ProjectSection(ProjectDependencies) = postProject
		{B977BE25-8A43-3CE1-9E31-D887B9138733} = {B977BE25-8A43-3CE1-9E31-D887B9138733}
		{DE06E51D-24A3-36A4-AB97-67304CD7C818} = {DE06E51D-24A3-36A4-AB97-67304CD7C818}
	EndProjectSection
EndProject
Project("{8BC9CEB8-8B4A-11D0-8D11-00A0C91BC942}") = "PACKAGE", "PACKAGE.vcxproj", "{84ABB522-63D0-3900-A1F5-D4BB45533525}"
	ProjectSection(ProjectDependencies) = postProject
		{B977BE25-8A43-3CE1-9E31-D887B9138733} = {B977BE25-8A43-3CE1-9E31-D887B9138733}
		{DE06E51D-24A3-36A4-AB97-67304CD7C818} = {DE06E51D-24A3-36A4-AB97-67304CD7C818}
	EndProjectSection
EndProject
Project("{8BC9CEB8-8B4A-11D0-8D11-00A0C91BC942}") = "RUN_TESTS", "RUN_TESTS.vcxproj", "{2BE5CE29-6B9C-3EAC-A79E-55966852F7BC}"
	ProjectSection(ProjectDependencies) = postProject
		{DE06E51D-24A3-36A4-AB97-67304CD7C818} = {DE06E51D-24A3-36A4-AB97-67304CD7C818}
	EndProjectSection
EndProject
Project("{8BC9CEB8-8B4A-11D0-8D11-00A0C91BC942}") = "Simple3DGame", "Simple3DGame.vcxproj", "{19BA11C4-A526-3CB5-BAF9-F3060A17FDB2}"
	ProjectSection(ProjectDependencies) = postProject
		{DE06E51D-24A3-36A4-AB97-67304CD7C818} = {DE06E51D-24A3-36A4-AB97-67304CD7C818}
		{1EEB9DAE-5638-3E82-A000-DEA21683FC94} = {1EEB9DAE-5638-3E82-A000-DEA21683FC94}
		{1C4B9FDE-DFE2-3C11-9128-739169916380} = {1C4B9FDE-DFE2-3C11-9128-739169916380}
	EndProjectSection
EndProject
Project("{8BC9CEB8-8B4A-11D0-8D11-00A0C91BC942}") = "ZERO_CHECK", "ZERO_CHECK.vcxproj", "{DE06E51D-24A3-36A4-AB97-67304CD7C818}"
	ProjectSection(ProjectDependencies) = postProject
	EndProjectSection
EndProject
Project("{8BC9CEB8-8B4A-11D0-8D11-00A0C91BC942}") = "glfw", "raylib\raylib\external\glfw\src\glfw.vcxproj", "{1EEB9DAE-5638-3E82-A000-DEA21683FC94}"
	ProjectSection(ProjectDependencies) = postProject
		{DE06E51D-24A3-36A4-AB97-67304CD7C818} = {DE06E51D-24A3-36A4-AB97-67304CD7C818}
	EndProjectSection
EndProject
Project("{8BC9CEB8-8B4A-11D0-8D11-00A0C91BC942}") = "raylib", "raylib\raylib\raylib.vcxproj", "{1C4B9FDE-DFE2-3C11-9128-739169916380}"
	ProjectSection(ProjectDependencies) = postProject
		{DE06E51D-24A3-36A4-AB97-67304CD7C818} = {DE06E51D-24A3-36A4-AB97-67304CD7C818}
		{1EEB9DAE-5638-3E82-A000-DEA21683FC94} = {1EEB9DAE-5638-3E82-A000-DEA21683FC94}
	EndProjectSection
EndProject
Project("{8BC9CEB8-8B4A-11D0-8D11-00A0C91BC942}") = "update_mappings", "raylib\raylib\external\glfw\src\update_mappings.vcxproj", "{044F34AF-20EF-3111-BA90-EF9D41519479}"
	ProjectSection(ProjectDependencies) = postProject
		{DE06E51D-24A3-36A4-AB97-67304CD7C818} = {DE06E51D-24A3-36A4-AB97-67304CD7C818}
	EndProjectSection
EndProject
Global
	GlobalSection(SolutionConfigurationPlatforms) = preSolution
		Debug|x64 = Debug|x64
		Release|x64 = Release|x64
		MinSizeRel|x64 = MinSizeRel|x64
		RelWithDebInfo|x64 = RelWithDebInfo|x64
	EndGlobalSection
	GlobalSection(ProjectConfigurationPlatforms) = postSolution
		{B977BE25-8A43-3CE1-9E31-D887B9138733}.Debug|x64.ActiveCfg = Debug|x64
		{B977BE25-8A43-3CE1-9E31-D887B9138733}.Debug|x64.Build.0 = Debug|x64
		{B977BE25-8A43-3CE1-9E31-D887B9138733}.Release|x64.ActiveCfg = Release|x64
		{B977BE25-8A43-3CE1-9E31-D887B9138733}.Release|x64.Build.0 = Release|x64
		{B977BE25-8A43-3CE1-9E31-D887B9138733}.MinSizeRel|x64.ActiveCfg = MinSizeRel|x64
		{B977BE25-8A43-3CE1-9E31-D887B9138733}.MinSizeRel|x64.Build.0 = MinSizeRel|x64
		{B977BE25-8A43-3CE1-9E31-D887B9138733}.RelWithDebInfo|x64.ActiveCfg = RelWithDebInfo|x64
		{B977BE25-8A43-3CE1-9E31-D887B9138733}.RelWithDebInfo|x64.Build.0 = RelWithDebInfo|x64
		{480E4D56-CF8E-3415-B5BD-9063078A2B7E}.Debug|x64.ActiveCfg = Debug|x64
		{480E4D56-CF8E-3415-B5BD-9063078A2B7E}.Release|x64.ActiveCfg = Release|x64
		{480E4D56-CF8E-3415-B5BD-9063078A2B7E}.MinSizeRel|x64.ActiveCfg = MinSizeRel|x64
		{480E4D56-CF8E-3415-B5BD-9063078A2B7E}.RelWithDebInfo|x64.ActiveCfg = RelWithDebInfo|x64
		{84ABB522-63D0-3900-A1F5-D4BB45533525}.Debug|x64.ActiveCfg = Debug|x64
		{84ABB522-63D0-3900-A1F5-D4BB45533525}.Release|x64.ActiveCfg = Release|x64
		{84ABB522-63D0-3900-A1F5-D4BB45533525}.MinSizeRel|x64.ActiveCfg = MinSizeRel|x64
		{84ABB522-63D0-3900-A1F5-D4BB45533525}.RelWithDebInfo|x64.ActiveCfg = RelWithDebInfo|x64
		{2BE5CE29-6B9C-3EAC-A79E-55966852F7BC}.Debug|x64.ActiveCfg = Debug|x64
		{2BE5CE29-6B9C-3EAC-A79E-55966852F7BC}.Release|x64.ActiveCfg = Release|x64
		{2BE5CE29-6B9C-3EAC-A79E-55966852F7BC}.MinSizeRel|x64.ActiveCfg = MinSizeRel|x64
		{2BE5CE29-6B9C-3EAC-A79E-55966852F7BC}.RelWithDebInfo|x64.ActiveCfg = RelWithDebInfo|x64
		{19BA11C4-A526-3CB5-BAF9-F3060A17FDB2}.Debug|x64.ActiveCfg = Debug|x64
		{19BA11C4-A526-3CB5-BAF9-F3060A17FDB2}.Debug|x64.Build.0 = Debug|x64
		{19BA11C4-A526-3CB5-BAF9-F3060A17FDB2}.Release|x64.ActiveCfg = Release|x64
		{19BA11C4-A526-3CB5-BAF9-F3060A17FDB2}.Release|x64.Build.0 = Release|x64
		{19BA11C4-A526-3CB5-BAF9-F3060A17FDB2}.MinSizeRel|x64.ActiveCfg = MinSizeRel|x64
		{19BA11C4-A526-3CB5-BAF9-F3060A17FDB2}.MinSizeRel|x64.Build.0 = MinSizeRel|x64
		{19BA11C4-A526-3CB5-BAF9-F3060A17FDB2}.RelWithDebInfo|x64.ActiveCfg = RelWithDebInfo|x64
		{19BA11C4-A526-3CB5-BAF9-F3060A17FDB2}.RelWithDebInfo|x64.Build.0 = RelWithDebInfo|x64
		{DE06E51D-24A3-36A4-AB97-67304CD7C818}.Debug|x64.ActiveCfg = Debug|x64
		{DE06E51D-24A3-36A4-AB97-67304CD7C818}.Debug|x64.Build.0 = Debug|x64
		{DE06E51D-24A3-36A4-AB97-67304CD7C818}.Release|x64.ActiveCfg = Release|x64
		{DE06E51D-24A3-36A4-AB97-67304CD7C818}.Release|x64.Build.0 = Release|x64
		{DE06E51D-24A3-36A4-AB97-67304CD7C818}.MinSizeRel|x64.ActiveCfg = MinSizeRel|x64
		{DE06E51D-24A3-36A4-AB97-67304CD7C818}.MinSizeRel|x64.Build.0 = MinSizeRel|x64
		{DE06E51D-24A3-36A4-AB97-67304CD7C818}.RelWithDebInfo|x64.ActiveCfg = RelWithDebInfo|x64
		{DE06E51D-24A3-36A4-AB97-67304CD7C818}.RelWithDebInfo|x64.Build.0 = RelWithDebInfo|x64
		{1EEB9DAE-5638-3E82-A000-DEA21683FC94}.Debug|x64.ActiveCfg = Debug|x64
		{1EEB9DAE-5638-3E82-A000-DEA21683FC94}.Debug|x64.Build.0 = Debug|x64
		{1EEB9DAE-5638-3E82-A000-DEA21683FC94}.Release|x64.ActiveCfg = Release|x64
		{1EEB9DAE-5638-3E82-A000-DEA21683FC94}.Release|x64.Build.0 = Release|x64
		{1EEB9DAE-5638-3E82-A000-DEA21683FC94}.MinSizeRel|x64.ActiveCfg = MinSizeRel|x64
		{1EEB9DAE-5638-3E82-A000-DEA21683FC94}.MinSizeRel|x64.Build.0 = MinSizeRel|x64
		{1EEB9DAE-5638-3E82-A000-DEA21683FC94}.RelWithDebInfo|x64.ActiveCfg = RelWithDebInfo|x64
		{1EEB9DAE-5638-3E82-A000-DEA21683FC94}.RelWithDebInfo|x64.Build.0 = RelWithDebInfo|x64
		{1C4B9FDE-DFE2-3C11-9128-739169916380}.Debug|x64.ActiveCfg = Debug|x64
		{1C4B9FDE-DFE2-3C11-9128-739169916380}.Debug|x64.Build.0 = Debug|x64
		{1C4B9FDE-DFE2-3C11-9128-739169916380}.Release|x64.ActiveCfg = Release|x64
		{1C4B9FDE-DFE2-3C11-9128-739169916380}.Release|x64.Build.0 = Release|x64
		{1C4B9FDE-DFE2-3C11-9128-739169916380}.MinSizeRel|x64.ActiveCfg = MinSizeRel|x64
		{1C4B9FDE-DFE2-3C11-9128-739169916380}.MinSizeRel|x64.Build.0 = MinSizeRel|x64
		{1C4B9FDE-DFE2-3C11-9128-739169916380}.RelWithDebInfo|x64.ActiveCfg = RelWithDebInfo|x64
		{1C4B9FDE-DFE2-3C11-9128-739169916380}.RelWithDebInfo|x64.Build.0 = RelWithDebInfo|x64
		{044F34AF-20EF-3111-BA90-EF9D41519479}.Debug|x64.ActiveCfg = Debug|x64
		{044F34AF-20EF-3111-BA90-EF9D41519479}.Release|x64.ActiveCfg = Release|x64
		{044F34AF-20EF-3111-BA90-EF9D41519479}.MinSizeRel|x64.ActiveCfg = MinSizeRel|x64
		{044F34AF-20EF-3111-BA90-EF9D41519479}.RelWithDebInfo|x64.ActiveCfg = RelWithDebInfo|x64
	EndGlobalSection
	GlobalSection(NestedProjects) = preSolution
		{B977BE25-8A43-3CE1-9E31-D887B9138733} = {994497E7-1BC2-38FA-AA66-65403DBF7901}
		{480E4D56-CF8E-3415-B5BD-9063078A2B7E} = {994497E7-1BC2-38FA-AA66-65403DBF7901}
		{84ABB522-63D0-3900-A1F5-D4BB45533525} = {994497E7-1BC2-38FA-AA66-65403DBF7901}
		{2BE5CE29-6B9C-3EAC-A79E-55966852F7BC} = {994497E7-1BC2-38FA-AA66-65403DBF7901}
		{DE06E51D-24A3-36A4-AB97-67304CD7C818} = {994497E7-1BC2-38FA-AA66-65403DBF7901}
		{1EEB9DAE-5638-3E82-A000-DEA21683FC94} = {49AED3CE-5588-3CD4-8098-73E00E58B586}
		{044F34AF-20EF-3111-BA90-EF9D41519479} = {49AED3CE-5588-3CD4-8098-73E00E58B586}
	EndGlobalSection
	GlobalSection(ExtensibilityGlobals) = postSolution
		SolutionGuid = {ED16BE33-4B11-37BD-B5B7-3BBD9867D104}
	EndGlobalSection
	GlobalSection(ExtensibilityAddIns) = postSolution
	EndGlobalSection
EndGlobal
